schema: gwz.lock/v0
workspace_id: ws_default
manifest_schema: gwz.workspace/v0
members:
  mem_ggg_viz:
    path: ggg-viz
    source_id: src_ggg_viz
    source_kind: git
    commit: 09381903f08309f5b0ce018b7b18a23cdc2a6ba8
    branch: main
    detached: false
    dirty: false
    materialized: true
  mem_glade:
    path: glade
    source_id: src_glade
    source_kind: git
    commit: d872838b93c60412556b4aaae1e61e105f96a6c4
    branch: main
    detached: false
    dirty: false
    materialized: true
  mem_glade_decl:
    path: glade-decl
    source_id: src_glade_decl
    source_kind: git
    commit: ccdae14a544d7dedd28c32b0b2a16498e33b366b
    branch: main
    detached: false
    dirty: false
    materialized: true
  mem_glade_decl_py:
    path: glade-decl-py
    source_id: src_glade_decl_py
    source_kind: git
    commit: 37480bae433a61a2493a4d9a05de0059c5af9230
    branch: main
    detached: false
    dirty: false
    materialized: true
  mem_glade_decl_rs:
    path: glade-decl-rs
    source_id: src_glade_decl_rs
    source_kind: git
    commit: 42cca3ce62c3d63e6bfa7027cf2f2cfe1bd62823
    branch: main
    detached: false
    dirty: false
    materialized: true
  mem_glade_decl_ts:
    path: glade-decl-ts
    source_id: src_glade_decl_ts
    source_kind: git
    commit: 4467e310ddfba206f4e7d6f2c6ff516bbc77f007
    branch: main
    detached: false
    dirty: false
    materialized: true
  mem_glial:
    path: glial
    source_id: src_glial
    source_kind: git
    commit: 4dfbd2320f2e36f6304e8b8427a9b77937349ade
    branch: main
    detached: false
    dirty: false
    materialized: true
  mem_grazel:
    path: grazel
    source_id: src_grazel
    source_kind: git
    commit: 56d9a320301d724a9941b5a8f3a880c8956db7d2
    branch: main
    detached: false
    dirty: false
    materialized: true
  mem_grip_core:
    path: grip-core
    source_id: src_grip_core
    source_kind: git
    commit: 97ff6c26f12e2808cd794d2947a852d7c16e4e22
    branch: main
    detached: false
    dirty: false
    materialized: true
  mem_grip_react:
    path: grip-react
    source_id: src_grip_react
    source_kind: git
    commit: 8b17279dbef35f7c82fb298ce72a5929ea9921d4
    branch: main
    detached: false
    dirty: false
    materialized: true
  mem_grip_react_demo:
    path: grip-react-demo
    source_id: src_grip_react_demo
    source_kind: git
    commit: c1bf60df3d4f56fc1c5faa2bb5c8c6692e98816d
    branch: main
    detached: false
    dirty: false
    materialized: true
  mem_taut:
    path: taut
    source_id: src_taut
    source_kind: git
    commit: 4a65c360dffeee05455ffeb2d750599cdb417306
    branch: main
    detached: false
    dirty: false
    materialized: true
  mem_taut_shape:
    path: taut-shape
    source_id: src_taut_shape
    source_kind: git
    commit: 389c867010a7cb474c03960ba3420308ed2bd64a
    branch: main
    detached: false
    dirty: false
    materialized: true
  mem_taut_shape_rs:
    path: taut-shape-rs
    source_id: src_taut_shape_rs
    source_kind: git
    commit: 7e50457391489d5a2628a60c0462f07f53baf021
    branch: main
    detached: false
    dirty: false
    materialized: true
  mem_taut_shape_ts:
    path: taut-shape-ts
    source_id: src_taut_shape_ts
    source_kind: git
    commit: b1152457ac03c9300ad013ff9e39948a9a723d46
    branch: main
    detached: false
    dirty: false
    materialized: true
