schema: gwz.lock/v0
workspace_id: ws_default
manifest_schema: gwz.workspace/v0
members:
  mem_ggg_viz:
    path: ggg-viz
    source_id: src_ggg_viz
    source_kind: git
    commit: f64224d8ec161cfd763dbd68d65fa95e91e90a27
    branch: main
    detached: false
    dirty: false
    materialized: true
  mem_glade:
    path: glade
    source_id: src_glade
    source_kind: git
    commit: 2dc354571df2966e72a48072e16856d99b7c2960
    branch: main
    detached: false
    dirty: false
    materialized: true
  mem_glade_decl:
    path: glade-decl
    source_id: src_glade_decl
    source_kind: git
    commit: ccdae14a544d7dedd28c32b0b2a16498e33b366b
    branch: main
    detached: false
    dirty: false
    materialized: true
  mem_glade_decl_py:
    path: glade-decl-py
    source_id: src_glade_decl_py
    source_kind: git
    commit: 37480bae433a61a2493a4d9a05de0059c5af9230
    branch: main
    detached: false
    dirty: false
    materialized: true
  mem_glade_decl_rs:
    path: glade-decl-rs
    source_id: src_glade_decl_rs
    source_kind: git
    commit: 42cca3ce62c3d63e6bfa7027cf2f2cfe1bd62823
    branch: main
    detached: false
    dirty: false
    materialized: true
  mem_glade_decl_ts:
    path: glade-decl-ts
    source_id: src_glade_decl_ts
    source_kind: git
    commit: 4467e310ddfba206f4e7d6f2c6ff516bbc77f007
    branch: main
    detached: false
    dirty: false
    materialized: true
  mem_glial:
    path: glial
    source_id: src_glial
    source_kind: git
    commit: d35bd484e8709e73f547f3f82a410343daffdcc4
    branch: main
    detached: false
    dirty: false
    materialized: true
  mem_grip_core:
    path: grip-core
    source_id: src_grip_core
    source_kind: git
    commit: 896557703137f8e505edcdee57b39591da91cc0c
    branch: main
    detached: false
    dirty: false
    materialized: true
  mem_grip_react:
    path: grip-react
    source_id: src_grip_react
    source_kind: git
    commit: c46e14fd8a9318ec59139cbd978750f5ea3ea91e
    branch: main
    detached: false
    dirty: true
    materialized: true
  mem_taut:
    path: taut
    source_id: src_taut
    source_kind: git
    commit: 83da9f5a27357f1abb53e2b85f8ae23060e48068
    branch: main
    detached: false
    dirty: false
    materialized: true
  mem_taut_shape:
    path: taut-shape
    source_id: src_taut_shape
    source_kind: git
    commit: 2376f2f2d335d2de9a9ff4d2eb9dc17c7a649095
    branch: main
    detached: false
    dirty: false
    materialized: true
