# This file is automatically @generated by Cargo.
# It is not intended for manual editing.
version = 4

[[package]]
name = "glade-carrier-api"
version = "0.0.0"

[[package]]
name = "glade-carrier-openraft"
version = "0.0.0"
dependencies = [
 "glade-carrier-api",
]

[[package]]
name = "glade-carrier-raft-rs"
version = "0.0.0"
dependencies = [
 "glade-carrier-api",
]

[[package]]
name = "glade-carrier-spec"
version = "0.0.0"
dependencies = [
 "glade-carrier-api",
 "glade-carrier-openraft",
 "glade-carrier-raft-rs",
]
